
Microsoft Visual Studio Solution File, Format Version 12.00
# Visual Studio Version 17
VisualStudioVersion = 17.7.34031.279
MinimumVisualStudioVersion = 10.0.40219.1
Project("{FAE04EC0-301F-11D3-BF4B-00C04F79EFBC}") = "213002-Examples9,10,11,12", "213002-Examples9,10,11,12.csproj", "{28E09E60-E263-4937-87F9-AC2C0451A207}"
EndProject
Global
	GlobalSection(SolutionConfigurationPlatforms) = preSolution
		Debug|Any CPU = Debug|Any CPU
		Release|Any CPU = Release|Any CPU
	EndGlobalSection
	GlobalSection(ProjectConfigurationPlatforms) = postSolution
		{28E09E60-E263-4937-87F9-AC2C0451A207}.Debug|Any CPU.ActiveCfg = Debug|Any CPU
		{28E09E60-E263-4937-87F9-AC2C0451A207}.Debug|Any CPU.Build.0 = Debug|Any CPU
		{28E09E60-E263-4937-87F9-AC2C0451A207}.Release|Any CPU.ActiveCfg = Release|Any CPU
		{28E09E60-E263-4937-87F9-AC2C0451A207}.Release|Any CPU.Build.0 = Release|Any CPU
	EndGlobalSection
	GlobalSection(SolutionProperties) = preSolution
		HideSolutionNode = FALSE
	EndGlobalSection
	GlobalSection(ExtensibilityGlobals) = postSolution
		SolutionGuid = {D2FD1E92-373C-4DC4-B255-5BFFC111CF85}
	EndGlobalSection
EndGlobal
